[[package]]
name = "pysimplegui"
version = "4.56.0"
description = "Python GUIs for Humans. Launched in 2018. It's 2022 & PySimpleGUI is an ACTIVE & supported project. Super-simple to create custom GUI's. 325+ Demo programs & Cookbook for rapid start. Extensive documentation. Main docs at www.PySimpleGUI.org. Fun & your success are the focus. Examples using Machine Learning (GUI, OpenCV Integration), Rainmeter Style Desktop Widgets, Matplotlib + Pyplot, PIL support, add GUI to command line scripts, PDF & Image Viewers. Great for beginners & advanced GUI programmers."
category = "main"
optional = false
python-versions = "*"

[metadata]
lock-version = "1.1"
python-versions = "^3.7"
content-hash = "ac8d16e37763b13f0687b7d38f60826ab03874e9b98f9a10c72e4a6de7653810"

[metadata.files]
pysimplegui = [
    {file = "PySimpleGUI-4.56.0-py3-none-any.whl", hash = "sha256:abd39c0dfd14f8de39e71b3a832cf3ae05b6df993d55fb41362d26e58261208d"},
    {file = "PySimpleGUI-4.56.0.tar.gz", hash = "sha256:1a13a19282f92626cc6a823cbe9f4aa08aa558870f03441a1c4e8b6cef27c9d5"},
]
